
Microsoft Visual Studio Solution File, Format Version 12.00
# Visual Studio Version 16
VisualStudioVersion = 16.0.30717.126
MinimumVisualStudioVersion = 10.0.40219.1
Project("{FAE04EC0-301F-11D3-BF4B-00C04F79EFBC}") = "DACN", "DACN\DACN.csproj", "{24498553-3E75-4DBF-9775-DBE71EDB7BDF}"
EndProject
Global
	GlobalSection(SolutionConfigurationPlatforms) = preSolution
		Debug|Any CPU = Debug|Any CPU
		Release|Any CPU = Release|Any CPU
	EndGlobalSection
	GlobalSection(ProjectConfigurationPlatforms) = postSolution
		{24498553-3E75-4DBF-9775-DBE71EDB7BDF}.Debug|Any CPU.ActiveCfg = Debug|Any CPU
		{24498553-3E75-4DBF-9775-DBE71EDB7BDF}.Debug|Any CPU.Build.0 = Debug|Any CPU
		{24498553-3E75-4DBF-9775-DBE71EDB7BDF}.Release|Any CPU.ActiveCfg = Release|Any CPU
		{24498553-3E75-4DBF-9775-DBE71EDB7BDF}.Release|Any CPU.Build.0 = Release|Any CPU
	EndGlobalSection
	GlobalSection(SolutionProperties) = preSolution
		HideSolutionNode = FALSE
	EndGlobalSection
	GlobalSection(ExtensibilityGlobals) = postSolution
		SolutionGuid = {3C13358F-4EA5-4AAB-8633-947F024A097E}
	EndGlobalSection
EndGlobal
